
Microsoft Visual Studio Solution File, Format Version 12.00
# Visual Studio Version 16
VisualStudioVersion = 16.0.29020.237
MinimumVisualStudioVersion = 10.0.40219.1
Project("{9A19103F-16F7-4668-BE54-9A1E7A4F7556}") = "Program", "Program\Program.csproj", "{651F6540-640F-46E2-AB28-F7DF62606EDD}"
EndProject
Project("{FAE04EC0-301F-11D3-BF4B-00C04F79EFBC}") = "Utility", "Utility\Utility.csproj", "{880AEB8E-F3A8-427B-AE79-9D7696F611A7}"
EndProject
Project("{FAE04EC0-301F-11D3-BF4B-00C04F79EFBC}") = "Renderer", "Renderer\Renderer.csproj", "{B1062AB1-91F4-4EDD-8ABF-6203DFC5FB40}"
EndProject
Project("{FAE04EC0-301F-11D3-BF4B-00C04F79EFBC}") = "Core", "Core\Core.csproj", "{61392F2F-92C9-4A20-A7B0-60BFF30591FE}"
EndProject
Global
	GlobalSection(SolutionConfigurationPlatforms) = preSolution
		Debug|Any CPU = Debug|Any CPU
		Release|Any CPU = Release|Any CPU
	EndGlobalSection
	GlobalSection(ProjectConfigurationPlatforms) = postSolution
		{651F6540-640F-46E2-AB28-F7DF62606EDD}.Debug|Any CPU.ActiveCfg = Debug|Any CPU
		{651F6540-640F-46E2-AB28-F7DF62606EDD}.Debug|Any CPU.Build.0 = Debug|Any CPU
		{651F6540-640F-46E2-AB28-F7DF62606EDD}.Release|Any CPU.ActiveCfg = Release|Any CPU
		{651F6540-640F-46E2-AB28-F7DF62606EDD}.Release|Any CPU.Build.0 = Release|Any CPU
		{880AEB8E-F3A8-427B-AE79-9D7696F611A7}.Debug|Any CPU.ActiveCfg = Debug|Any CPU
		{880AEB8E-F3A8-427B-AE79-9D7696F611A7}.Debug|Any CPU.Build.0 = Debug|Any CPU
		{880AEB8E-F3A8-427B-AE79-9D7696F611A7}.Release|Any CPU.ActiveCfg = Release|Any CPU
		{880AEB8E-F3A8-427B-AE79-9D7696F611A7}.Release|Any CPU.Build.0 = Release|Any CPU
		{B1062AB1-91F4-4EDD-8ABF-6203DFC5FB40}.Debug|Any CPU.ActiveCfg = Debug|Any CPU
		{B1062AB1-91F4-4EDD-8ABF-6203DFC5FB40}.Debug|Any CPU.Build.0 = Debug|Any CPU
		{B1062AB1-91F4-4EDD-8ABF-6203DFC5FB40}.Release|Any CPU.ActiveCfg = Release|Any CPU
		{B1062AB1-91F4-4EDD-8ABF-6203DFC5FB40}.Release|Any CPU.Build.0 = Release|Any CPU
		{61392F2F-92C9-4A20-A7B0-60BFF30591FE}.Debug|Any CPU.ActiveCfg = Debug|Any CPU
		{61392F2F-92C9-4A20-A7B0-60BFF30591FE}.Debug|Any CPU.Build.0 = Debug|Any CPU
		{61392F2F-92C9-4A20-A7B0-60BFF30591FE}.Release|Any CPU.ActiveCfg = Release|Any CPU
		{61392F2F-92C9-4A20-A7B0-60BFF30591FE}.Release|Any CPU.Build.0 = Release|Any CPU
	EndGlobalSection
	GlobalSection(SolutionProperties) = preSolution
		HideSolutionNode = FALSE
	EndGlobalSection
	GlobalSection(ExtensibilityGlobals) = postSolution
		SolutionGuid = {06C7EB2D-BED6-4A00-AFBF-B0BB0CC05F5D}
	EndGlobalSection
EndGlobal
